
Microsoft Visual Studio Solution File, Format Version 12.00
# Visual Studio Version 17
VisualStudioVersion = 17.0.31912.275
MinimumVisualStudioVersion = 10.0.40219.1
Project("{FAE04EC0-301F-11D3-BF4B-00C04F79EFBC}") = "AdventOfCode2020", "AdventOfCode2020\AdventOfCode2020.csproj", "{03CE4710-40CE-4D62-B801-12232BD0F2AD}"
EndProject
Global
	GlobalSection(SolutionConfigurationPlatforms) = preSolution
		Debug|Any CPU = Debug|Any CPU
		Release|Any CPU = Release|Any CPU
	EndGlobalSection
	GlobalSection(ProjectConfigurationPlatforms) = postSolution
		{03CE4710-40CE-4D62-B801-12232BD0F2AD}.Debug|Any CPU.ActiveCfg = Debug|Any CPU
		{03CE4710-40CE-4D62-B801-12232BD0F2AD}.Debug|Any CPU.Build.0 = Debug|Any CPU
		{03CE4710-40CE-4D62-B801-12232BD0F2AD}.Release|Any CPU.ActiveCfg = Release|Any CPU
		{03CE4710-40CE-4D62-B801-12232BD0F2AD}.Release|Any CPU.Build.0 = Release|Any CPU
	EndGlobalSection
	GlobalSection(SolutionProperties) = preSolution
		HideSolutionNode = FALSE
	EndGlobalSection
	GlobalSection(ExtensibilityGlobals) = postSolution
		SolutionGuid = {AF078C32-BB7A-41EB-AEC3-AEAADF1FB347}
	EndGlobalSection
EndGlobal
